# THIS IS AN AUTOGENERATED FILE. DO NOT EDIT THIS FILE DIRECTLY.
# yarn lockfile v1


"@esbuild/aix-ppc64@0.27.5":
  version "0.27.5"
  resolved "https://registry.yarnpkg.com/@esbuild/aix-ppc64/-/aix-ppc64-0.27.5.tgz#7c475b8e49e204073674622236c17fb1e306f811"
  integrity sha512-nGsF/4C7uzUj+Nj/4J+Zt0bYQ6bz33Phz8Lb2N80Mti1HjGclTJdXZ+9APC4kLvONbjxN1zfvYNd8FEcbBK/MQ==

"@esbuild/android-arm64@0.27.5":
  version "0.27.5"
  resolved "https://registry.yarnpkg.com/@esbuild/android-arm64/-/android-arm64-0.27.5.tgz#5990c14d862b9a6bf1cdcbebed3177e9099b9397"
  integrity sha512-Oeghq+XFgh1pUGd1YKs4DDoxzxkoUkvko+T/IVKwlghKLvvjbGFB3ek8VEDBmNvqhwuL0CQS3cExdzpmUyIrgA==

"@esbuild/android-arm@0.27.5":
  version "0.27.5"
  resolved "https://registry.yarnpkg.com/@esbuild/android-arm/-/android-arm-0.27.5.tgz#ffb55f499199e1ef8a51cdb3529b11dc98f0ec4f"
  integrity sha512-Cv781jd0Rfj/paoNrul1/r4G0HLvuFKYh7C9uHZ2Pl8YXstzvCyyeWENTFR9qFnRzNMCjXmsulZuvosDg10Mog==

"@esbuild/android-x64@0.27.5":
  version "0.27.5"
  resolved "https://registry.yarnpkg.com/@esbuild/android-x64/-/android-x64-0.27.5.tgz#06a04b993ac94265080810a4e48a226ce2ab7d27"
  integrity sha512-nQD7lspbzerlmtNOxYMFAGmhxgzn8Z7m9jgFkh6kpkjsAhZee1w8tJW3ZlW+N9iRePz0oPUDrYrXidCPSImD0Q==

"@esbuild/darwin-arm64@0.27.5":
  version "0.27.5"
  resolved "https://registry.yarnpkg.com/@esbuild/darwin-arm64/-/darwin-arm64-0.27.5.tgz#f836cb70cf24ba5dd66b78b6483081869331bc68"
  integrity sha512-I+Ya/MgC6rr8oRWGRDF3BXDfP8K1BVUggHqN6VI2lUZLdDi1IM1v2cy0e3lCPbP+pVcK3Tv8cgUhHse1kaNZZw==

"@esbuild/darwin-x64@0.27.5":
  version "0.27.5"
  resolved "https://registry.yarnpkg.com/@esbuild/darwin-x64/-/darwin-x64-0.27.5.tgz#78c9206a2038a7bec313ec83ed5aa3537e33e2ec"
  integrity sha512-MCjQUtC8wWJn/pIPM7vQaO69BFgwPD1jriEdqwTCKzWjGgkMbcg+M5HzrOhPhuYe1AJjXlHmD142KQf+jnYj8A==

"@esbuild/freebsd-arm64@0.27.5":
  version "0.27.5"
  resolved "https://registry.yarnpkg.com/@esbuild/freebsd-arm64/-/freebsd-arm64-0.27.5.tgz#08c864ff806653b39d71b92bf640e39a4e7d7067"
  integrity sha512-X6xVS+goSH0UelYXnuf4GHLwpOdc8rgK/zai+dKzBMnncw7BTQIwquOodE7EKvY2UVUetSqyAfyZC1D+oqLQtg==

"@esbuild/freebsd-x64@0.27.5":
  version "0.27.5"
  resolved "https://registry.yarnpkg.com/@esbuild/freebsd-x64/-/freebsd-x64-0.27.5.tgz#156f929fced6e3b081f568372f49232a1798b2f3"
  integrity sha512-233X1FGo3a8x1ekLB6XT69LfZ83vqz+9z3TSEQCTYfMNY880A97nr81KbPcAMl9rmOFp11wO0dP+eB18KU/Ucg==

"@esbuild/linux-arm64@0.27.5":
  version "0.27.5"
  resolved "https://registry.yarnpkg.com/@esbuild/linux-arm64/-/linux-arm64-0.27.5.tgz#c6e1af7d133e85bdcdc22f6a59317ea153ae2d2d"
  integrity sha512-euKkilsNOv7x/M1NKsx5znyprbpsRFIzTV6lWziqJch7yWYayfLtZzDxDTl+LSQDJYAjd9TVb/Kt5UKIrj2e4A==

"@esbuild/linux-arm@0.27.5":
  version "0.27.5"
  resolved "https://registry.yarnpkg.com/@esbuild/linux-arm/-/linux-arm-0.27.5.tgz#041f3fa0bf6b7c404f74a1552572c396a026034c"
  integrity sha512-0wkVrYHG4sdCCN/bcwQ7yYMXACkaHc3UFeaEOwSVW6e5RycMageYAFv+JS2bKLwHyeKVUvtoVH+5/RHq0fgeFw==

"@esbuild/linux-ia32@0.27.5":
  version "0.27.5"
  resolved "https://registry.yarnpkg.com/@esbuild/linux-ia32/-/linux-ia32-0.27.5.tgz#cfc4387efcae994a4375f9b305bb4253cb07b75a"
  integrity sha512-hVRQX4+P3MS36NxOy24v/Cdsimy/5HYePw+tmPqnNN1fxV0bPrFWR6TMqwXPwoTM2VzbkA+4lbHWUKDd5ZDA/w==

"@esbuild/linux-loong64@0.27.5":
  version "0.27.5"
  resolved "https://registry.yarnpkg.com/@esbuild/linux-loong64/-/linux-loong64-0.27.5.tgz#5a80cdfa6c08f0744a8e53521e2eb92a74549198"
  integrity sha512-mKqqRuOPALI8nDzhOBmIS0INvZOOFGGg5n1osGIXAx8oersceEbKd4t1ACNTHM3sJBXGFAlEgqM+svzjPot+ZQ==

"@esbuild/linux-mips64el@0.27.5":
  version "0.27.5"
  resolved "https://registry.yarnpkg.com/@esbuild/linux-mips64el/-/linux-mips64el-0.27.5.tgz#8200e0267ced2cb122508d9cfbdfa72222ebe775"
  integrity sha512-EE/QXH9IyaAj1qeuIV5+/GZkBTipgGO782Ff7Um3vPS9cvLhJJeATy4Ggxikz2inZ46KByamMn6GqtqyVjhenA==

"@esbuild/linux-ppc64@0.27.5":
  version "0.27.5"
  resolved "https://registry.yarnpkg.com/@esbuild/linux-ppc64/-/linux-ppc64-0.27.5.tgz#9c735ad8e8b4469d0021902d8cbcc2066f466a48"
  integrity sha512-0V2iF1RGxBf1b7/BjurA5jfkl7PtySjom1r6xOK2q9KWw/XCpAdtB6KNMO+9xx69yYfSCRR9FE0TyKfHA2eQMw==

"@esbuild/linux-riscv64@0.27.5":
  version "0.27.5"
  resolved "https://registry.yarnpkg.com/@esbuild/linux-riscv64/-/linux-riscv64-0.27.5.tgz#3e744abf3bf2f001b73f1517489b34bab5ca8b66"
  integrity sha512-rYxThBx6G9HN6tFNuvB/vykeLi4VDsm5hE5pVwzqbAjZEARQrWu3noZSfbEnPZ/CRXP3271GyFk/49up2W190g==

"@esbuild/linux-s390x@0.27.5":
  version "0.27.5"
  resolved "https://registry.yarnpkg.com/@esbuild/linux-s390x/-/linux-s390x-0.27.5.tgz#9ff4a1d32bdf374b7d8a1380c1346f9907b24962"
  integrity sha512-uEP2q/4qgd8goEUc4QIdU/1P2NmEtZ/zX5u3OpLlCGhJIuBIv0s0wr7TB2nBrd3/A5XIdEkkS5ZLF0ULuvaaYQ==

"@esbuild/linux-x64@0.27.5":
  version "0.27.5"
  resolved "https://registry.yarnpkg.com/@esbuild/linux-x64/-/linux-x64-0.27.5.tgz#846eb1210dc7258aa02c910197ba0bad9cbebe58"
  integrity sha512-+Gq47Wqq6PLOOZuBzVSII2//9yyHNKZLuwfzCemqexqOQCSz0zy0O26kIzyp9EMNMK+nZ0tFHBZrCeVUuMs/ew==

"@esbuild/netbsd-arm64@0.27.5":
  version "0.27.5"
  resolved "https://registry.yarnpkg.com/@esbuild/netbsd-arm64/-/netbsd-arm64-0.27.5.tgz#690540b9ab565334b549a3cee2672d813673417c"
  integrity sha512-3F/5EG8VHfN/I+W5cO1/SV2H9Q/5r7vcHabMnBqhHK2lTWOh3F8vixNzo8lqxrlmBtZVFpW8pmITHnq54+Tq4g==

"@esbuild/netbsd-x64@0.27.5":
  version "0.27.5"
  resolved "https://registry.yarnpkg.com/@esbuild/netbsd-x64/-/netbsd-x64-0.27.5.tgz#53ff0e982f5b9b57d6bac1a076194b27892e8cd7"
  integrity sha512-28t+Sj3CPN8vkMOlZotOmDgilQwVvxWZl7b8rxpn73Tt/gCnvrHxQUMng4uu3itdFvrtba/1nHejvxqz8xgEMA==

"@esbuild/openbsd-arm64@0.27.5":
  version "0.27.5"
  resolved "https://registry.yarnpkg.com/@esbuild/openbsd-arm64/-/openbsd-arm64-0.27.5.tgz#7ad41b55a2eed133bdb25ab54b28d63f98e4c726"
  integrity sha512-Doz/hKtiuVAi9hMsBMpwBANhIZc8l238U2Onko3t2xUp8xtM0ZKdDYHMnm/qPFVthY8KtxkXaocwmMh6VolzMA==

"@esbuild/openbsd-x64@0.27.5":
  version "0.27.5"
  resolved "https://registry.yarnpkg.com/@esbuild/openbsd-x64/-/openbsd-x64-0.27.5.tgz#c9dda2cef61204a13285483d47f8ffdc7a1b9d16"
  integrity sha512-WfGVaa1oz5A7+ZFPkERIbIhKT4olvGl1tyzTRaB5yoZRLqC0KwaO95FeZtOdQj/oKkjW57KcVF944m62/0GYtA==

"@esbuild/openharmony-arm64@0.27.5":
  version "0.27.5"
  resolved "https://registry.yarnpkg.com/@esbuild/openharmony-arm64/-/openharmony-arm64-0.27.5.tgz#e0c8f0f7eb341f4b9409c6a8306e194147ae8031"
  integrity sha512-Xh+VRuh6OMh3uJ0JkCjI57l+DVe7VRGBYymen8rFPnTVgATBwA6nmToxM2OwTlSvrnWpPKkrQUj93+K9huYC6A==

"@esbuild/sunos-x64@0.27.5":
  version "0.27.5"
  resolved "https://registry.yarnpkg.com/@esbuild/sunos-x64/-/sunos-x64-0.27.5.tgz#11e3ab829393325b882d375a5450a9277c41d9c0"
  integrity sha512-aC1gpJkkaUADHuAdQfuVTnqVUTLqqUNhAvEwHwVWcnVVZvNlDPGA0UveZsfXJJ9T6k9Po4eHi3c02gbdwO3g6w==

"@esbuild/win32-arm64@0.27.5":
  version "0.27.5"
  resolved "https://registry.yarnpkg.com/@esbuild/win32-arm64/-/win32-arm64-0.27.5.tgz#157f2913645a977f2660f57bd5921a2caff3c76b"
  integrity sha512-0UNx2aavV0fk6UpZcwXFLztA2r/k9jTUa7OW7SAea1VYUhkug99MW1uZeXEnPn5+cHOd0n8myQay6TlFnBR07w==

"@esbuild/win32-ia32@0.27.5":
  version "0.27.5"
  resolved "https://registry.yarnpkg.com/@esbuild/win32-ia32/-/win32-ia32-0.27.5.tgz#48b8531a35a4e56b7cc6c6d20f9ab2cd79c62517"
  integrity sha512-5nlJ3AeJWCTSzR7AEqVjT/faWyqKU86kCi1lLmxVqmNR+j4HrYdns+eTGjS/vmrzCIe8inGQckUadvS0+JkKdQ==

"@esbuild/win32-x64@0.27.5":
  version "0.27.5"
  resolved "https://registry.yarnpkg.com/@esbuild/win32-x64/-/win32-x64-0.27.5.tgz#b980910727a767ea3290207b695cc31dd50bb6a4"
  integrity sha512-PWypQR+d4FLfkhBIV+/kHsUELAnMpx1bRvvsn3p+/sAERbnCzFrtDRG2Xw5n+2zPxBK2+iaP+vetsRl4Ti7WgA==

esbuild@^0.27.5:
  version "0.27.5"
  resolved "https://registry.yarnpkg.com/esbuild/-/esbuild-0.27.5.tgz#600866adc6810e936950e2849d419e270241aac9"
  integrity sha512-zdQoHBjuDqKsvV5OPaWansOwfSQ0Js+Uj9J85TBvj3bFW1JjWTSULMRwdQAc8qMeIScbClxeMK0jlrtB9linhA==
  optionalDependencies:
    "@esbuild/aix-ppc64" "0.27.5"
    "@esbuild/android-arm" "0.27.5"
    "@esbuild/android-arm64" "0.27.5"
    "@esbuild/android-x64" "0.27.5"
    "@esbuild/darwin-arm64" "0.27.5"
    "@esbuild/darwin-x64" "0.27.5"
    "@esbuild/freebsd-arm64" "0.27.5"
    "@esbuild/freebsd-x64" "0.27.5"
    "@esbuild/linux-arm" "0.27.5"
    "@esbuild/linux-arm64" "0.27.5"
    "@esbuild/linux-ia32" "0.27.5"
    "@esbuild/linux-loong64" "0.27.5"
    "@esbuild/linux-mips64el" "0.27.5"
    "@esbuild/linux-ppc64" "0.27.5"
    "@esbuild/linux-riscv64" "0.27.5"
    "@esbuild/linux-s390x" "0.27.5"
    "@esbuild/linux-x64" "0.27.5"
    "@esbuild/netbsd-arm64" "0.27.5"
    "@esbuild/netbsd-x64" "0.27.5"
    "@esbuild/openbsd-arm64" "0.27.5"
    "@esbuild/openbsd-x64" "0.27.5"
    "@esbuild/openharmony-arm64" "0.27.5"
    "@esbuild/sunos-x64" "0.27.5"
    "@esbuild/win32-arm64" "0.27.5"
    "@esbuild/win32-ia32" "0.27.5"
    "@esbuild/win32-x64" "0.27.5"
